
Microsoft Visual Studio Solution File, Format Version 12.00
# Visual Studio Version 17
VisualStudioVersion = 17.10.34928.147
MinimumVisualStudioVersion = 10.0.40219.1
Project("{8BC9CEB8-8B4A-11D0-8D11-00A0C91BC942}") = "3_2", "3_2.vcxproj", "{ED66D917-D222-4F79-8F4B-8E1E64E5002C}"
EndProject
Global
	GlobalSection(SolutionConfigurationPlatforms) = preSolution
		Debug|x64 = Debug|x64
		Debug|x86 = Debug|x86
		Release|x64 = Release|x64
		Release|x86 = Release|x86
	EndGlobalSection
	GlobalSection(ProjectConfigurationPlatforms) = postSolution
		{ED66D917-D222-4F79-8F4B-8E1E64E5002C}.Debug|x64.ActiveCfg = Debug|x64
		{ED66D917-D222-4F79-8F4B-8E1E64E5002C}.Debug|x64.Build.0 = Debug|x64
		{ED66D917-D222-4F79-8F4B-8E1E64E5002C}.Debug|x86.ActiveCfg = Debug|Win32
		{ED66D917-D222-4F79-8F4B-8E1E64E5002C}.Debug|x86.Build.0 = Debug|Win32
		{ED66D917-D222-4F79-8F4B-8E1E64E5002C}.Release|x64.ActiveCfg = Release|x64
		{ED66D917-D222-4F79-8F4B-8E1E64E5002C}.Release|x64.Build.0 = Release|x64
		{ED66D917-D222-4F79-8F4B-8E1E64E5002C}.Release|x86.ActiveCfg = Release|Win32
		{ED66D917-D222-4F79-8F4B-8E1E64E5002C}.Release|x86.Build.0 = Release|Win32
	EndGlobalSection
	GlobalSection(SolutionProperties) = preSolution
		HideSolutionNode = FALSE
	EndGlobalSection
	GlobalSection(ExtensibilityGlobals) = postSolution
		SolutionGuid = {E7462E18-4EB8-453C-AE58-5657373921FC}
	EndGlobalSection
EndGlobal
